// !$*UTF8*$!
{
	archiveVersion = 1;
	classes = {
	};
	objectVersion = 46;
	objects = {

/* Begin PBXBuildFile section */
		3B4838731F6B66170056C850 /* main.m in Sources */ = {isa = PBXBuildFile; fileRef = 3B4838721F6B66170056C850 /* main.m */; };
		3B4838761F6B66170056C850 /* AppDelegate.m in Sources */ = {isa = PBXBuildFile; fileRef = 3B4838751F6B66170056C850 /* AppDelegate.m */; };
		3B4838791F6B66170056C850 /* ViewController.m in Sources */ = {isa = PBXBuildFile; fileRef = 3B4838781F6B66170056C850 /* ViewController.m */; };
		3B48387C1F6B66170056C850 /* Main.storyboard in Resources */ = {isa = PBXBuildFile; fileRef = 3B48387A1F6B66170056C850 /* Main.storyboard */; };
		3B48387E1F6B66170056C850 /* Assets.xcassets in Resources */ = {isa = PBXBuildFile; fileRef = 3B48387D1F6B66170056C850 /* Assets.xcassets */; };
		3B4838811F6B66170056C850 /* LaunchScreen.storyboard in Resources */ = {isa = PBXBuildFile; fileRef = 3B48387F1F6B66170056C850 /* LaunchScreen.storyboard */; };
		3B48388A1F6B68840056C850 /* ZZImageAddWaterMark.m in Sources */ = {isa = PBXBuildFile; fileRef = 3B4838891F6B68840056C850 /* ZZImageAddWaterMark.m */; };
		3B48388C1F6B72490056C850 /* shark.png in Resources */ = {isa = PBXBuildFile; fileRef = 3B48388B1F6B72490056C850 /* shark.png */; };
		3B48388F1F6B9F4F0056C850 /* ZZQRCode.m in Sources */ = {isa = PBXBuildFile; fileRef = 3B48388E1F6B9F4F0056C850 /* ZZQRCode.m */; };
/* End PBXBuildFile section */

/* Begin PBXFileReference section */
		3B48386E1F6B66170056C850 /* ZZImageAddWaterMark.app */ = {isa = PBXFileReference; explicitFileType = wrapper.application; includeInIndex = 0; path = ZZImageAddWaterMark.app; sourceTree = BUILT_PRODUCTS_DIR; };
		3B4838721F6B66170056C850 /* main.m */ = {isa = PBXFileReference; lastKnownFileType = sourcecode.c.objc; path = main.m; sourceTree = "<group>"; };
		3B4838741F6B66170056C850 /* AppDelegate.h */ = {isa = PBXFileReference; lastKnownFileType = sourcecode.c.h; path = AppDelegate.h; sourceTree = "<group>"; };
		3B4838751F6B66170056C850 /* AppDelegate.m */ = {isa = PBXFileReference; lastKnownFileType = sourcecode.c.objc; path = AppDelegate.m; sourceTree = "<group>"; };
		3B4838771F6B66170056C850 /* ViewController.h */ = {isa = PBXFileReference; lastKnownFileType = sourcecode.c.h; path = ViewController.h; sourceTree = "<group>"; };
		3B4838781F6B66170056C850 /* ViewController.m */ = {isa = PBXFileReference; lastKnownFileType = sourcecode.c.objc; path = ViewController.m; sourceTree = "<group>"; };
		3B48387B1F6B66170056C850 /* Base */ = {isa = PBXFileReference; lastKnownFileType = file.storyboard; name = Base; path = Base.lproj/Main.storyboard; sourceTree = "<group>"; };
		3B48387D1F6B66170056C850 /* Assets.xcassets */ = {isa = PBXFileReference; lastKnownFileType = folder.assetcatalog; path = Assets.xcassets; sourceTree = "<group>"; };
		3B4838801F6B66170056C850 /* Base */ = {isa = PBXFileReference; lastKnownFileType = file.storyboard; name = Base; path = Base.lproj/LaunchScreen.storyboard; sourceTree = "<group>"; };
		3B4838821F6B66170056C850 /* Info.plist */ = {isa = PBXFileReference; lastKnownFileType = text.plist.xml; path = Info.plist; sourceTree = "<group>"; };
		3B4838881F6B68840056C850 /* ZZImageAddWaterMark.h */ = {isa = PBXFileReference; fileEncoding = 4; lastKnownFileType = sourcecode.c.h; path = ZZImageAddWaterMark.h; sourceTree = "<group>"; };
		3B4838891F6B68840056C850 /* ZZImageAddWaterMark.m */ = {isa = PBXFileReference; fileEncoding = 4; lastKnownFileType = sourcecode.c.objc; path = ZZImageAddWaterMark.m; sourceTree = "<group>"; };
		3B48388B1F6B72490056C850 /* shark.png */ = {isa = PBXFileReference; lastKnownFileType = image.png; path = shark.png; sourceTree = "<group>"; };
		3B48388D1F6B9F4F0056C850 /* ZZQRCode.h */ = {isa = PBXFileReference; fileEncoding = 4; lastKnownFileType = sourcecode.c.h; path = ZZQRCode.h; sourceTree = "<group>"; };
		3B48388E1F6B9F4F0056C850 /* ZZQRCode.m */ = {isa = PBXFileReference; fileEncoding = 4; lastKnownFileType = sourcecode.c.objc; path = ZZQRCode.m; sourceTree = "<group>"; };
/* End PBXFileReference section */

/* Begin PBXFrameworksBuildPhase section */
		3B48386B1F6B66170056C850 /* Frameworks */ = {
			isa = PBXFrameworksBuildPhase;
			buildActionMask = 2147483647;
			files = (
			);
			runOnlyForDeploymentPostprocessing = 0;
		};
/* End PBXFrameworksBuildPhase section */

/* Begin PBXGroup section */
		3B4838651F6B66170056C850 = {
			isa = PBXGroup;
			children = (
				3B4838701F6B66170056C850 /* ZZImageAddWaterMark */,
				3B48386F1F6B66170056C850 /* Products */,
			);
			sourceTree = "<group>";
		};
		3B48386F1F6B66170056C850 /* Products */ = {
			isa = PBXGroup;
			children = (
				3B48386E1F6B66170056C850 /* ZZImageAddWaterMark.app */,
			);
			name = Products;
			sourceTree = "<group>";
		};
		3B4838701F6B66170056C850 /* ZZImageAddWaterMark */ = {
			isa = PBXGroup;
			children = (
				3B48388B1F6B72490056C850 /* shark.png */,
				3B4838741F6B66170056C850 /* AppDelegate.h */,
				3B4838751F6B66170056C850 /* AppDelegate.m */,
				3B4838771F6B66170056C850 /* ViewController.h */,
				3B4838781F6B66170056C850 /* ViewController.m */,
				3B48387A1F6B66170056C850 /* Main.storyboard */,
				3B48387D1F6B66170056C850 /* Assets.xcassets */,
				3B48387F1F6B66170056C850 /* LaunchScreen.storyboard */,
				3B4838821F6B66170056C850 /* Info.plist */,
				3B4838711F6B66170056C850 /* Supporting Files */,
				3B4838881F6B68840056C850 /* ZZImageAddWaterMark.h */,
				3B4838891F6B68840056C850 /* ZZImageAddWaterMark.m */,
				3B48388D1F6B9F4F0056C850 /* ZZQRCode.h */,
				3B48388E1F6B9F4F0056C850 /* ZZQRCode.m */,
			);
			path = ZZImageAddWaterMark;
			sourceTree = "<group>";
		};
		3B4838711F6B66170056C850 /* Supporting Files */ = {
			isa = PBXGroup;
			children = (
				3B4838721F6B66170056C850 /* main.m */,
			);
			name = "Supporting Files";
			sourceTree = "<group>";
		};
/* End PBXGroup section */

/* Begin PBXNativeTarget section */
		3B48386D1F6B66170056C850 /* ZZImageAddWaterMark */ = {
			isa = PBXNativeTarget;
			buildConfigurationList = 3B4838851F6B66170056C850 /* Build configuration list for PBXNativeTarget "ZZImageAddWaterMark" */;
			buildPhases = (
				3B48386A1F6B66170056C850 /* Sources */,
				3B48386B1F6B66170056C850 /* Frameworks */,
				3B48386C1F6B66170056C850 /* Resources */,
			);
			buildRules = (
			);
			dependencies = (
			);
			name = ZZImageAddWaterMark;
			productName = ZZImageAddWaterMark;
			productReference = 3B48386E1F6B66170056C850 /* ZZImageAddWaterMark.app */;
			productType = "com.apple.product-type.application";
		};
/* End PBXNativeTarget section */

/* Begin PBXProject section */
		3B4838661F6B66170056C850 /* Project object */ = {
			isa = PBXProject;
			attributes = {
				LastUpgradeCheck = 0830;
				ORGANIZATIONNAME = zhouzheng;
				TargetAttributes = {
					3B48386D1F6B66170056C850 = {
						CreatedOnToolsVersion = 8.3.2;
						DevelopmentTeam = MLKY76PU29;
						ProvisioningStyle = Automatic;
					};
				};
			};
			buildConfigurationList = 3B4838691F6B66170056C850 /* Build configuration list for PBXProject "ZZImageAddWaterMark" */;
			compatibilityVersion = "Xcode 3.2";
			developmentRegion = English;
			hasScannedForEncodings = 0;
			knownRegions = (
				en,
				Base,
			);
			mainGroup = 3B4838651F6B66170056C850;
			productRefGroup = 3B48386F1F6B66170056C850 /* Products */;
			projectDirPath = "";
			projectRoot = "";
			targets = (
				3B48386D1F6B66170056C850 /* ZZImageAddWaterMark */,
			);
		};
/* End PBXProject section */

/* Begin PBXResourcesBuildPhase section */
		3B48386C1F6B66170056C850 /* Resources */ = {
			isa = PBXResourcesBuildPhase;
			buildActionMask = 2147483647;
			files = (
				3B4838811F6B66170056C850 /* LaunchScreen.storyboard in Resources */,
				3B48388C1F6B72490056C850 /* shark.png in Resources */,
				3B48387E1F6B66170056C850 /* Assets.xcassets in Resources */,
				3B48387C1F6B66170056C850 /* Main.storyboard in Resources */,
			);
			runOnlyForDeploymentPostprocessing = 0;
		};
/* End PBXResourcesBuildPhase section */

/* Begin PBXSourcesBuildPhase section */
		3B48386A1F6B66170056C850 /* Sources */ = {
			isa = PBXSourcesBuildPhase;
			buildActionMask = 2147483647;
			files = (
				3B4838791F6B66170056C850 /* ViewController.m in Sources */,
				3B4838761F6B66170056C850 /* AppDelegate.m in Sources */,
				3B48388F1F6B9F4F0056C850 /* ZZQRCode.m in Sources */,
				3B48388A1F6B68840056C850 /* ZZImageAddWaterMark.m in Sources */,
				3B4838731F6B66170056C850 /* main.m in Sources */,
			);
			runOnlyForDeploymentPostprocessing = 0;
		};
/* End PBXSourcesBuildPhase section */

/* Begin PBXVariantGroup section */
		3B48387A1F6B66170056C850 /* Main.storyboard */ = {
			isa = PBXVariantGroup;
			children = (
				3B48387B1F6B66170056C850 /* Base */,
			);
			name = Main.storyboard;
			sourceTree = "<group>";
		};
		3B48387F1F6B66170056C850 /* LaunchScreen.storyboard */ = {
			isa = PBXVariantGroup;
			children = (
				3B4838801F6B66170056C850 /* Base */,
			);
			name = LaunchScreen.storyboard;
			sourceTree = "<group>";
		};
/* End PBXVariantGroup section */

/* Begin XCBuildConfiguration section */
		3B4838831F6B66170056C850 /* Debug */ = {
			isa = XCBuildConfiguration;
			buildSettings = {
				ALWAYS_SEARCH_USER_PATHS = NO;
				CLANG_ANALYZER_NONNULL = YES;
				CLANG_ANALYZER_NUMBER_OBJECT_CONVERSION = YES_AGGRESSIVE;
				CLANG_CXX_LANGUAGE_STANDARD = "gnu++0x";
				CLANG_CXX_LIBRARY = "libc++";
				CLANG_ENABLE_MODULES = YES;
				CLANG_ENABLE_OBJC_ARC = YES;
				CLANG_WARN_BOOL_CONVERSION = YES;
				CLANG_WARN_CONSTANT_CONVERSION = YES;
				CLANG_WARN_DIRECT_OBJC_ISA_USAGE = YES_ERROR;
				CLANG_WARN_DOCUMENTATION_COMMENTS = YES;
				CLANG_WARN_EMPTY_BODY = YES;
				CLANG_WARN_ENUM_CONVERSION = YES;
				CLANG_WARN_INFINITE_RECURSION = YES;
				CLANG_WARN_INT_CONVERSION = YES;
				CLANG_WARN_OBJC_ROOT_CLASS = YES_ERROR;
				CLANG_WARN_SUSPICIOUS_MOVE = YES;
				CLANG_WARN_UNREACHABLE_CODE = YES;
				CLANG_WARN__DUPLICATE_METHOD_MATCH = YES;
				"CODE_SIGN_IDENTITY[sdk=iphoneos*]" = "iPhone Developer";
				COPY_PHASE_STRIP = NO;
				DEBUG_INFORMATION_FORMAT = dwarf;
				ENABLE_STRICT_OBJC_MSGSEND = YES;
				ENABLE_TESTABILITY = YES;
				GCC_C_LANGUAGE_STANDARD = gnu99;
				GCC_DYNAMIC_NO_PIC = NO;
				GCC_NO_COMMON_BLOCKS = YES;
				GCC_OPTIMIZATION_LEVEL = 0;
				GCC_PREPROCESSOR_DEFINITIONS = (
					"DEBUG=1",
					"$(inherited)",
				);
				GCC_WARN_64_TO_32_BIT_CONVERSION = YES;
				GCC_WARN_ABOUT_RETURN_TYPE = YES_ERROR;
				GCC_WARN_UNDECLARED_SELECTOR = YES;
				GCC_WARN_UNINITIALIZED_AUTOS = YES_AGGRESSIVE;
				GCC_WARN_UNUSED_FUNCTION = YES;
				GCC_WARN_UNUSED_VARIABLE = YES;
				IPHONEOS_DEPLOYMENT_TARGET = 10.0;
				MTL_ENABLE_DEBUG_INFO = YES;
				ONLY_ACTIVE_ARCH = YES;
				SDKROOT = iphoneos;
				TARGETED_DEVICE_FAMILY = "1,2";
			};
			name = Debug;
		};
		3B4838841F6B66170056C850 /* Release */ = {
			isa = XCBuildConfiguration;
			buildSettings = {
				ALWAYS_SEARCH_USER_PATHS = NO;
				CLANG_ANALYZER_NONNULL = YES;
				CLANG_ANALYZER_NUMBER_OBJECT_CONVERSION = YES_AGGRESSIVE;
				CLANG_CXX_LANGUAGE_STANDARD = "gnu++0x";
				CLANG_CXX_LIBRARY = "libc++";
				CLANG_ENABLE_MODULES = YES;
				CLANG_ENABLE_OBJC_ARC = YES;
				CLANG_WARN_BOOL_CONVERSION = YES;
				CLANG_WARN_CONSTANT_CONVERSION = YES;
				CLANG_WARN_DIRECT_OBJC_ISA_USAGE = YES_ERROR;
				CLANG_WARN_DOCUMENTATION_COMMENTS = YES;
				CLANG_WARN_EMPTY_BODY = YES;
				CLANG_WARN_ENUM_CONVERSION = YES;
				CLANG_WARN_INFINITE_RECURSION = YES;
				CLANG_WARN_INT_CONVERSION = YES;
				CLANG_WARN_OBJC_ROOT_CLASS = YES_ERROR;
				CLANG_WARN_SUSPICIOUS_MOVE = YES;
				CLANG_WARN_UNREACHABLE_CODE = YES;
				CLANG_WARN__DUPLICATE_METHOD_MATCH = YES;
				"CODE_SIGN_IDENTITY[sdk=iphoneos*]" = "iPhone Developer";
				COPY_PHASE_STRIP = NO;
				DEBUG_INFORMATION_FORMAT = "dwarf-with-dsym";
				ENABLE_NS_ASSERTIONS = NO;
				ENABLE_STRICT_OBJC_MSGSEND = YES;
				GCC_C_LANGUAGE_STANDARD = gnu99;
				GCC_NO_COMMON_BLOCKS = YES;
				GCC_WARN_64_TO_32_BIT_CONVERSION = YES;
				GCC_WARN_ABOUT_RETURN_TYPE = YES_ERROR;
				GCC_WARN_UNDECLARED_SELECTOR = YES;
				GCC_WARN_UNINITIALIZED_AUTOS = YES_AGGRESSIVE;
				GCC_WARN_UNUSED_FUNCTION = YES;
				GCC_WARN_UNUSED_VARIABLE = YES;
				IPHONEOS_DEPLOYMENT_TARGET = 10.0;
				MTL_ENABLE_DEBUG_INFO = NO;
				SDKROOT = iphoneos;
				TARGETED_DEVICE_FAMILY = "1,2";
				VALIDATE_PRODUCT = YES;
			};
			name = Release;
		};
		3B4838861F6B66170056C850 /* Debug */ = {
			isa = XCBuildConfiguration;
			buildSettings = {
				ASSETCATALOG_COMPILER_APPICON_NAME = AppIcon;
				DEVELOPMENT_TEAM = MLKY76PU29;
				INFOPLIST_FILE = ZZImageAddWaterMark/Info.plist;
				LD_RUNPATH_SEARCH_PATHS = "$(inherited) @executable_path/Frameworks";
				PRODUCT_BUNDLE_IDENTIFIER = net.ghs.app.ZZImageAddWaterMark;
				PRODUCT_NAME = "$(TARGET_NAME)";
			};
			name = Debug;
		};
		3B4838871F6B66170056C850 /* Release */ = {
			isa = XCBuildConfiguration;
			buildSettings = {
				ASSETCATALOG_COMPILER_APPICON_NAME = AppIcon;
				DEVELOPMENT_TEAM = MLKY76PU29;
				INFOPLIST_FILE = ZZImageAddWaterMark/Info.plist;
				LD_RUNPATH_SEARCH_PATHS = "$(inherited) @executable_path/Frameworks";
				PRODUCT_BUNDLE_IDENTIFIER = net.ghs.app.ZZImageAddWaterMark;
				PRODUCT_NAME = "$(TARGET_NAME)";
			};
			name = Release;
		};
/* End XCBuildConfiguration section */

/* Begin XCConfigurationList section */
		3B4838691F6B66170056C850 /* Build configuration list for PBXProject "ZZImageAddWaterMark" */ = {
			isa = XCConfigurationList;
			buildConfigurations = (
				3B4838831F6B66170056C850 /* Debug */,
				3B4838841F6B66170056C850 /* Release */,
			);
			defaultConfigurationIsVisible = 0;
			defaultConfigurationName = Release;
		};
		3B4838851F6B66170056C850 /* Build configuration list for PBXNativeTarget "ZZImageAddWaterMark" */ = {
			isa = XCConfigurationList;
			buildConfigurations = (
				3B4838861F6B66170056C850 /* Debug */,
				3B4838871F6B66170056C850 /* Release */,
			);
			defaultConfigurationIsVisible = 0;
			defaultConfigurationName = Release;
		};
/* End XCConfigurationList section */
	};
	rootObject = 3B4838661F6B66170056C850 /* Project object */;
}
